{
  "name": "tennis-court-monitor",
  "version": "1.0.0",
  "lockfileVersion": 3,
  "requires": true,
  "packages": {
    "": {
      "name": "tennis-court-monitor",
      "version": "1.0.0",
      "dependencies": {
        "japanese-holidays": "^1.0.10"
      }
    },
    "node_modules/japanese-holidays": {
      "version": "1.0.10",
      "resolved": "https://registry.npmjs.org/japanese-holidays/-/japanese-holidays-1.0.10.tgz",
      "integrity": "sha512-OiK5801c432ljumKnQ65TGw6HSEuetU0Fvlz1/BPPPqwxQZ2kPeCy3XHO6q5nf+6zJqIf1fqcpQjWp+/SimO6Q==",
      "license": "MIT"
    }
  }
}
